
Microsoft Visual Studio Solution File, Format Version 12.00
# Visual Studio Version 16
VisualStudioVersion = 16.0.28803.156
MinimumVisualStudioVersion = 10.0.40219.1
Project("{FAE04EC0-301F-11D3-BF4B-00C04F79EFBC}") = "reference type", "reference type\reference type.csproj", "{38093E91-24B9-47D1-86CE-BA665BC0FF3F}"
EndProject
Global
	GlobalSection(SolutionConfigurationPlatforms) = preSolution
		Debug|Any CPU = Debug|Any CPU
		Release|Any CPU = Release|Any CPU
	EndGlobalSection
	GlobalSection(ProjectConfigurationPlatforms) = postSolution
		{38093E91-24B9-47D1-86CE-BA665BC0FF3F}.Debug|Any CPU.ActiveCfg = Debug|Any CPU
		{38093E91-24B9-47D1-86CE-BA665BC0FF3F}.Debug|Any CPU.Build.0 = Debug|Any CPU
		{38093E91-24B9-47D1-86CE-BA665BC0FF3F}.Release|Any CPU.ActiveCfg = Release|Any CPU
		{38093E91-24B9-47D1-86CE-BA665BC0FF3F}.Release|Any CPU.Build.0 = Release|Any CPU
	EndGlobalSection
	GlobalSection(SolutionProperties) = preSolution
		HideSolutionNode = FALSE
	EndGlobalSection
	GlobalSection(ExtensibilityGlobals) = postSolution
		SolutionGuid = {025C935C-7C22-4D95-8250-3BA3A98E205F}
	EndGlobalSection
EndGlobal
