
Microsoft Visual Studio Solution File, Format Version 12.00
# Visual Studio Version 16
VisualStudioVersion = 16.0.28803.156
MinimumVisualStudioVersion = 10.0.40219.1
Project("{FAE04EC0-301F-11D3-BF4B-00C04F79EFBC}") = "Nowe zastosowanie if", "Nowe zastosowanie if\Nowe zastosowanie if.csproj", "{3CC5A24C-0AF6-442C-8FFD-17F359419B52}"
EndProject
Project("{2150E333-8FDC-42A3-9474-1A3956D46DE8}") = "Solution Items", "Solution Items", "{30114F54-FD54-4D0A-809B-264C25F78C65}"
	ProjectSection(SolutionItems) = preProject
		Class1.cs = Class1.cs
	EndProjectSection
EndProject
Global
	GlobalSection(SolutionConfigurationPlatforms) = preSolution
		Debug|Any CPU = Debug|Any CPU
		Release|Any CPU = Release|Any CPU
	EndGlobalSection
	GlobalSection(ProjectConfigurationPlatforms) = postSolution
		{3CC5A24C-0AF6-442C-8FFD-17F359419B52}.Debug|Any CPU.ActiveCfg = Debug|Any CPU
		{3CC5A24C-0AF6-442C-8FFD-17F359419B52}.Debug|Any CPU.Build.0 = Debug|Any CPU
		{3CC5A24C-0AF6-442C-8FFD-17F359419B52}.Release|Any CPU.ActiveCfg = Release|Any CPU
		{3CC5A24C-0AF6-442C-8FFD-17F359419B52}.Release|Any CPU.Build.0 = Release|Any CPU
	EndGlobalSection
	GlobalSection(SolutionProperties) = preSolution
		HideSolutionNode = FALSE
	EndGlobalSection
	GlobalSection(ExtensibilityGlobals) = postSolution
		SolutionGuid = {AE3D2036-043A-4B60-AD1F-9FB19B0FCB19}
	EndGlobalSection
EndGlobal
