
Microsoft Visual Studio Solution File, Format Version 12.00
# Visual Studio Version 16
VisualStudioVersion = 16.0.28803.156
MinimumVisualStudioVersion = 10.0.40219.1
Project("{FAE04EC0-301F-11D3-BF4B-00C04F79EFBC}") = "Interakcja uzytkownika", "Interakcja uzytkownika\Interakcja uzytkownika.csproj", "{0101902D-6E2F-4CD1-9B37-92EC3DDC002E}"
EndProject
Global
	GlobalSection(SolutionConfigurationPlatforms) = preSolution
		Debug|Any CPU = Debug|Any CPU
		Release|Any CPU = Release|Any CPU
	EndGlobalSection
	GlobalSection(ProjectConfigurationPlatforms) = postSolution
		{0101902D-6E2F-4CD1-9B37-92EC3DDC002E}.Debug|Any CPU.ActiveCfg = Debug|Any CPU
		{0101902D-6E2F-4CD1-9B37-92EC3DDC002E}.Debug|Any CPU.Build.0 = Debug|Any CPU
		{0101902D-6E2F-4CD1-9B37-92EC3DDC002E}.Release|Any CPU.ActiveCfg = Release|Any CPU
		{0101902D-6E2F-4CD1-9B37-92EC3DDC002E}.Release|Any CPU.Build.0 = Release|Any CPU
	EndGlobalSection
	GlobalSection(SolutionProperties) = preSolution
		HideSolutionNode = FALSE
	EndGlobalSection
	GlobalSection(ExtensibilityGlobals) = postSolution
		SolutionGuid = {FD40833B-478C-409D-85B2-6675FA2C1D75}
	EndGlobalSection
EndGlobal
