
Microsoft Visual Studio Solution File, Format Version 12.00
# Visual Studio Version 16
VisualStudioVersion = 16.0.28803.156
MinimumVisualStudioVersion = 10.0.40219.1
Project("{F184B08F-C81C-45F6-A57F-5ABD9991F28F}") = "ConsoleKurs1", "ConsoleKurs1\ConsoleKurs1.vbproj", "{C2F9F5B3-E9FC-47F8-A1E2-7350C5A785D5}"
EndProject
Global
	GlobalSection(SolutionConfigurationPlatforms) = preSolution
		Debug|Any CPU = Debug|Any CPU
		Release|Any CPU = Release|Any CPU
	EndGlobalSection
	GlobalSection(ProjectConfigurationPlatforms) = postSolution
		{C2F9F5B3-E9FC-47F8-A1E2-7350C5A785D5}.Debug|Any CPU.ActiveCfg = Debug|Any CPU
		{C2F9F5B3-E9FC-47F8-A1E2-7350C5A785D5}.Debug|Any CPU.Build.0 = Debug|Any CPU
		{C2F9F5B3-E9FC-47F8-A1E2-7350C5A785D5}.Release|Any CPU.ActiveCfg = Release|Any CPU
		{C2F9F5B3-E9FC-47F8-A1E2-7350C5A785D5}.Release|Any CPU.Build.0 = Release|Any CPU
	EndGlobalSection
	GlobalSection(SolutionProperties) = preSolution
		HideSolutionNode = FALSE
	EndGlobalSection
	GlobalSection(ExtensibilityGlobals) = postSolution
		SolutionGuid = {B7E5D525-96BC-4A6D-B3AA-0BE960665A33}
	EndGlobalSection
EndGlobal
