
Microsoft Visual Studio Solution File, Format Version 12.00
# Visual Studio Version 16
VisualStudioVersion = 16.0.28803.156
MinimumVisualStudioVersion = 10.0.40219.1
Project("{FAE04EC0-301F-11D3-BF4B-00C04F79EFBC}") = "stringi", "stringi\stringi.csproj", "{8054CE99-A5A8-4BF6-999A-DBF1ED7218B9}"
EndProject
Global
	GlobalSection(SolutionConfigurationPlatforms) = preSolution
		Debug|Any CPU = Debug|Any CPU
		Release|Any CPU = Release|Any CPU
	EndGlobalSection
	GlobalSection(ProjectConfigurationPlatforms) = postSolution
		{8054CE99-A5A8-4BF6-999A-DBF1ED7218B9}.Debug|Any CPU.ActiveCfg = Debug|Any CPU
		{8054CE99-A5A8-4BF6-999A-DBF1ED7218B9}.Debug|Any CPU.Build.0 = Debug|Any CPU
		{8054CE99-A5A8-4BF6-999A-DBF1ED7218B9}.Release|Any CPU.ActiveCfg = Release|Any CPU
		{8054CE99-A5A8-4BF6-999A-DBF1ED7218B9}.Release|Any CPU.Build.0 = Release|Any CPU
	EndGlobalSection
	GlobalSection(SolutionProperties) = preSolution
		HideSolutionNode = FALSE
	EndGlobalSection
	GlobalSection(ExtensibilityGlobals) = postSolution
		SolutionGuid = {C6B96B92-80A5-4209-B359-9CF5CC3B2537}
	EndGlobalSection
EndGlobal
