
Microsoft Visual Studio Solution File, Format Version 12.00
# Visual Studio Version 16
VisualStudioVersion = 16.0.28803.156
MinimumVisualStudioVersion = 10.0.40219.1
Project("{FAE04EC0-301F-11D3-BF4B-00C04F79EFBC}") = "cwiczenie", "cwiczenie\cwiczenie.csproj", "{FB570E38-B684-4CF8-82B8-47E1826DC622}"
EndProject
Global
	GlobalSection(SolutionConfigurationPlatforms) = preSolution
		Debug|Any CPU = Debug|Any CPU
		Release|Any CPU = Release|Any CPU
	EndGlobalSection
	GlobalSection(ProjectConfigurationPlatforms) = postSolution
		{FB570E38-B684-4CF8-82B8-47E1826DC622}.Debug|Any CPU.ActiveCfg = Debug|Any CPU
		{FB570E38-B684-4CF8-82B8-47E1826DC622}.Debug|Any CPU.Build.0 = Debug|Any CPU
		{FB570E38-B684-4CF8-82B8-47E1826DC622}.Release|Any CPU.ActiveCfg = Release|Any CPU
		{FB570E38-B684-4CF8-82B8-47E1826DC622}.Release|Any CPU.Build.0 = Release|Any CPU
	EndGlobalSection
	GlobalSection(SolutionProperties) = preSolution
		HideSolutionNode = FALSE
	EndGlobalSection
	GlobalSection(ExtensibilityGlobals) = postSolution
		SolutionGuid = {059853C1-8E64-4713-8F90-C059734E7312}
	EndGlobalSection
EndGlobal
