
Microsoft Visual Studio Solution File, Format Version 12.00
# Visual Studio Version 16
VisualStudioVersion = 16.0.28803.156
MinimumVisualStudioVersion = 10.0.40219.1
Project("{FAE04EC0-301F-11D3-BF4B-00C04F79EFBC}") = "NajwiekszaLiczba", "NajwiekszaLiczba\NajwiekszaLiczba.csproj", "{59CF0A0E-DBD0-49EC-B1B8-0F04713F35D8}"
EndProject
Global
	GlobalSection(SolutionConfigurationPlatforms) = preSolution
		Debug|Any CPU = Debug|Any CPU
		Release|Any CPU = Release|Any CPU
	EndGlobalSection
	GlobalSection(ProjectConfigurationPlatforms) = postSolution
		{59CF0A0E-DBD0-49EC-B1B8-0F04713F35D8}.Debug|Any CPU.ActiveCfg = Debug|Any CPU
		{59CF0A0E-DBD0-49EC-B1B8-0F04713F35D8}.Debug|Any CPU.Build.0 = Debug|Any CPU
		{59CF0A0E-DBD0-49EC-B1B8-0F04713F35D8}.Release|Any CPU.ActiveCfg = Release|Any CPU
		{59CF0A0E-DBD0-49EC-B1B8-0F04713F35D8}.Release|Any CPU.Build.0 = Release|Any CPU
	EndGlobalSection
	GlobalSection(SolutionProperties) = preSolution
		HideSolutionNode = FALSE
	EndGlobalSection
	GlobalSection(ExtensibilityGlobals) = postSolution
		SolutionGuid = {5ACCD7EF-6A53-4ECD-916F-B96FC8D4A82D}
	EndGlobalSection
EndGlobal
